// !$*UTF8*$!
{
	archiveVersion = 1;
	classes = {
	};
	objectVersion = 46;
	objects = {

/* Begin PBXBuildFile section */
		B06FF6381D20A6300056D3D3 /* AppDelegate.swift in Sources */ = {isa = PBXBuildFile; fileRef = B06FF6371D20A6300056D3D3 /* AppDelegate.swift */; };
		B06FF63A1D20A6300056D3D3 /* ViewController.swift in Sources */ = {isa = PBXBuildFile; fileRef = B06FF6391D20A6300056D3D3 /* ViewController.swift */; };
		B06FF63D1D20A6300056D3D3 /* Main.storyboard in Resources */ = {isa = PBXBuildFile; fileRef = B06FF63B1D20A6300056D3D3 /* Main.storyboard */; };
		B06FF63F1D20A6300056D3D3 /* Assets.xcassets in Resources */ = {isa = PBXBuildFile; fileRef = B06FF63E1D20A6300056D3D3 /* Assets.xcassets */; };
		B06FF6421D20A6300056D3D3 /* LaunchScreen.storyboard in Resources */ = {isa = PBXBuildFile; fileRef = B06FF6401D20A6300056D3D3 /* LaunchScreen.storyboard */; };
		B06FF64D1D20A6300056D3D3 /* test1Tests.swift in Sources */ = {isa = PBXBuildFile; fileRef = B06FF64C1D20A6300056D3D3 /* test1Tests.swift */; };
		B06FF6581D20A6300056D3D3 /* test1UITests.swift in Sources */ = {isa = PBXBuildFile; fileRef = B06FF6571D20A6300056D3D3 /* test1UITests.swift */; };
/* End PBXBuildFile section */

/* Begin PBXContainerItemProxy section */
		B06FF6491D20A6300056D3D3 /* PBXContainerItemProxy */ = {
			isa = PBXContainerItemProxy;
			containerPortal = B06FF62C1D20A6300056D3D3 /* Project object */;
			proxyType = 1;
			remoteGlobalIDString = B06FF6331D20A6300056D3D3;
			remoteInfo = test1;
		};
		B06FF6541D20A6300056D3D3 /* PBXContainerItemProxy */ = {
			isa = PBXContainerItemProxy;
			containerPortal = B06FF62C1D20A6300056D3D3 /* Project object */;
			proxyType = 1;
			remoteGlobalIDString = B06FF6331D20A6300056D3D3;
			remoteInfo = test1;
		};
/* End PBXContainerItemProxy section */

/* Begin PBXFileReference section */
		B06FF6341D20A6300056D3D3 /* test1.app */ = {isa = PBXFileReference; explicitFileType = wrapper.application; includeInIndex = 0; path = test1.app; sourceTree = BUILT_PRODUCTS_DIR; };
		B06FF6371D20A6300056D3D3 /* AppDelegate.swift */ = {isa = PBXFileReference; lastKnownFileType = sourcecode.swift; path = AppDelegate.swift; sourceTree = "<group>"; };
		B06FF6391D20A6300056D3D3 /* ViewController.swift */ = {isa = PBXFileReference; lastKnownFileType = sourcecode.swift; path = ViewController.swift; sourceTree = "<group>"; };
		B06FF63C1D20A6300056D3D3 /* Base */ = {isa = PBXFileReference; lastKnownFileType = file.storyboard; name = Base; path = Base.lproj/Main.storyboard; sourceTree = "<group>"; };
		B06FF63E1D20A6300056D3D3 /* Assets.xcassets */ = {isa = PBXFileReference; lastKnownFileType = folder.assetcatalog; path = Assets.xcassets; sourceTree = "<group>"; };
		B06FF6411D20A6300056D3D3 /* Base */ = {isa = PBXFileReference; lastKnownFileType = file.storyboard; name = Base; path = Base.lproj/LaunchScreen.storyboard; sourceTree = "<group>"; };
		B06FF6431D20A6300056D3D3 /* Info.plist */ = {isa = PBXFileReference; lastKnownFileType = text.plist.xml; path = Info.plist; sourceTree = "<group>"; };
		B06FF6481D20A6300056D3D3 /* test1Tests.xctest */ = {isa = PBXFileReference; explicitFileType = wrapper.cfbundle; includeInIndex = 0; path = test1Tests.xctest; sourceTree = BUILT_PRODUCTS_DIR; };
		B06FF64C1D20A6300056D3D3 /* test1Tests.swift */ = {isa = PBXFileReference; lastKnownFileType = sourcecode.swift; path = test1Tests.swift; sourceTree = "<group>"; };
		B06FF64E1D20A6300056D3D3 /* Info.plist */ = {isa = PBXFileReference; lastKnownFileType = text.plist.xml; path = Info.plist; sourceTree = "<group>"; };
		B06FF6531D20A6300056D3D3 /* test1UITests.xctest */ = {isa = PBXFileReference; explicitFileType = wrapper.cfbundle; includeInIndex = 0; path = test1UITests.xctest; sourceTree = BUILT_PRODUCTS_DIR; };
		B06FF6571D20A6300056D3D3 /* test1UITests.swift */ = {isa = PBXFileReference; lastKnownFileType = sourcecode.swift; path = test1UITests.swift; sourceTree = "<group>"; };
		B06FF6591D20A6300056D3D3 /* Info.plist */ = {isa = PBXFileReference; lastKnownFileType = text.plist.xml; path = Info.plist; sourceTree = "<group>"; };
/* End PBXFileReference section */

/* Begin PBXFrameworksBuildPhase section */
		B06FF6311D20A6300056D3D3 /* Frameworks */ = {
			isa = PBXFrameworksBuildPhase;
			buildActionMask = 2147483647;
			files = (
			);
			runOnlyForDeploymentPostprocessing = 0;
		};
		B06FF6451D20A6300056D3D3 /* Frameworks */ = {
			isa = PBXFrameworksBuildPhase;
			buildActionMask = 2147483647;
			files = (
			);
			runOnlyForDeploymentPostprocessing = 0;
		};
		B06FF6501D20A6300056D3D3 /* Frameworks */ = {
			isa = PBXFrameworksBuildPhase;
			buildActionMask = 2147483647;
			files = (
			);
			runOnlyForDeploymentPostprocessing = 0;
		};
/* End PBXFrameworksBuildPhase section */

/* Begin PBXGroup section */
		B06FF62B1D20A6300056D3D3 = {
			isa = PBXGroup;
			children = (
				B06FF6361D20A6300056D3D3 /* test1 */,
				B06FF64B1D20A6300056D3D3 /* test1Tests */,
				B06FF6561D20A6300056D3D3 /* test1UITests */,
				B06FF6351D20A6300056D3D3 /* Products */,
			);
			sourceTree = "<group>";
		};
		B06FF6351D20A6300056D3D3 /* Products */ = {
			isa = PBXGroup;
			children = (
				B06FF6341D20A6300056D3D3 /* test1.app */,
				B06FF6481D20A6300056D3D3 /* test1Tests.xctest */,
				B06FF6531D20A6300056D3D3 /* test1UITests.xctest */,
			);
			name = Products;
			sourceTree = "<group>";
		};
		B06FF6361D20A6300056D3D3 /* test1 */ = {
			isa = PBXGroup;
			children = (
				B06FF6371D20A6300056D3D3 /* AppDelegate.swift */,
				B06FF6391D20A6300056D3D3 /* ViewController.swift */,
				B06FF63B1D20A6300056D3D3 /* Main.storyboard */,
				B06FF63E1D20A6300056D3D3 /* Assets.xcassets */,
				B06FF6401D20A6300056D3D3 /* LaunchScreen.storyboard */,
				B06FF6431D20A6300056D3D3 /* Info.plist */,
			);
			path = test1;
			sourceTree = "<group>";
		};
		B06FF64B1D20A6300056D3D3 /* test1Tests */ = {
			isa = PBXGroup;
			children = (
				B06FF64C1D20A6300056D3D3 /* test1Tests.swift */,
				B06FF64E1D20A6300056D3D3 /* Info.plist */,
			);
			path = test1Tests;
			sourceTree = "<group>";
		};
		B06FF6561D20A6300056D3D3 /* test1UITests */ = {
			isa = PBXGroup;
			children = (
				B06FF6571D20A6300056D3D3 /* test1UITests.swift */,
				B06FF6591D20A6300056D3D3 /* Info.plist */,
			);
			path = test1UITests;
			sourceTree = "<group>";
		};
/* End PBXGroup section */

/* Begin PBXNativeTarget section */
		B06FF6331D20A6300056D3D3 /* test1 */ = {
			isa = PBXNativeTarget;
			buildConfigurationList = B06FF65C1D20A6300056D3D3 /* Build configuration list for PBXNativeTarget "test1" */;
			buildPhases = (
				B06FF6301D20A6300056D3D3 /* Sources */,
				B06FF6311D20A6300056D3D3 /* Frameworks */,
				B06FF6321D20A6300056D3D3 /* Resources */,
			);
			buildRules = (
			);
			dependencies = (
			);
			name = test1;
			productName = test1;
			productReference = B06FF6341D20A6300056D3D3 /* test1.app */;
			productType = "com.apple.product-type.application";
		};
		B06FF6471D20A6300056D3D3 /* test1Tests */ = {
			isa = PBXNativeTarget;
			buildConfigurationList = B06FF65F1D20A6300056D3D3 /* Build configuration list for PBXNativeTarget "test1Tests" */;
			buildPhases = (
				B06FF6441D20A6300056D3D3 /* Sources */,
				B06FF6451D20A6300056D3D3 /* Frameworks */,
				B06FF6461D20A6300056D3D3 /* Resources */,
			);
			buildRules = (
			);
			dependencies = (
				B06FF64A1D20A6300056D3D3 /* PBXTargetDependency */,
			);
			name = test1Tests;
			productName = test1Tests;
			productReference = B06FF6481D20A6300056D3D3 /* test1Tests.xctest */;
			productType = "com.apple.product-type.bundle.unit-test";
		};
		B06FF6521D20A6300056D3D3 /* test1UITests */ = {
			isa = PBXNativeTarget;
			buildConfigurationList = B06FF6621D20A6300056D3D3 /* Build configuration list for PBXNativeTarget "test1UITests" */;
			buildPhases = (
				B06FF64F1D20A6300056D3D3 /* Sources */,
				B06FF6501D20A6300056D3D3 /* Frameworks */,
				B06FF6511D20A6300056D3D3 /* Resources */,
			);
			buildRules = (
			);
			dependencies = (
				B06FF6551D20A6300056D3D3 /* PBXTargetDependency */,
			);
			name = test1UITests;
			productName = test1UITests;
			productReference = B06FF6531D20A6300056D3D3 /* test1UITests.xctest */;
			productType = "com.apple.product-type.bundle.ui-testing";
		};
/* End PBXNativeTarget section */

/* Begin PBXProject section */
		B06FF62C1D20A6300056D3D3 /* Project object */ = {
			isa = PBXProject;
			attributes = {
				LastSwiftUpdateCheck = 0730;
				LastUpgradeCheck = 0730;
				ORGANIZATIONNAME = 20141105071;
				TargetAttributes = {
					B06FF6331D20A6300056D3D3 = {
						CreatedOnToolsVersion = 7.3.1;
					};
					B06FF6471D20A6300056D3D3 = {
						CreatedOnToolsVersion = 7.3.1;
						TestTargetID = B06FF6331D20A6300056D3D3;
					};
					B06FF6521D20A6300056D3D3 = {
						CreatedOnToolsVersion = 7.3.1;
						TestTargetID = B06FF6331D20A6300056D3D3;
					};
				};
			};
			buildConfigurationList = B06FF62F1D20A6300056D3D3 /* Build configuration list for PBXProject "test1" */;
			compatibilityVersion = "Xcode 3.2";
			developmentRegion = English;
			hasScannedForEncodings = 0;
			knownRegions = (
				en,
				Base,
			);
			mainGroup = B06FF62B1D20A6300056D3D3;
			productRefGroup = B06FF6351D20A6300056D3D3 /* Products */;
			projectDirPath = "";
			projectRoot = "";
			targets = (
				B06FF6331D20A6300056D3D3 /* test1 */,
				B06FF6471D20A6300056D3D3 /* test1Tests */,
				B06FF6521D20A6300056D3D3 /* test1UITests */,
			);
		};
/* End PBXProject section */

/* Begin PBXResourcesBuildPhase section */
		B06FF6321D20A6300056D3D3 /* Resources */ = {
			isa = PBXResourcesBuildPhase;
			buildActionMask = 2147483647;
			files = (
				B06FF6421D20A6300056D3D3 /* LaunchScreen.storyboard in Resources */,
				B06FF63F1D20A6300056D3D3 /* Assets.xcassets in Resources */,
				B06FF63D1D20A6300056D3D3 /* Main.storyboard in Resources */,
			);
			runOnlyForDeploymentPostprocessing = 0;
		};
		B06FF6461D20A6300056D3D3 /* Resources */ = {
			isa = PBXResourcesBuildPhase;
			buildActionMask = 2147483647;
			files = (
			);
			runOnlyForDeploymentPostprocessing = 0;
		};
		B06FF6511D20A6300056D3D3 /* Resources */ = {
			isa = PBXResourcesBuildPhase;
			buildActionMask = 2147483647;
			files = (
			);
			runOnlyForDeploymentPostprocessing = 0;
		};
/* End PBXResourcesBuildPhase section */

/* Begin PBXSourcesBuildPhase section */
		B06FF6301D20A6300056D3D3 /* Sources */ = {
			isa = PBXSourcesBuildPhase;
			buildActionMask = 2147483647;
			files = (
				B06FF63A1D20A6300056D3D3 /* ViewController.swift in Sources */,
				B06FF6381D20A6300056D3D3 /* AppDelegate.swift in Sources */,
			);
			runOnlyForDeploymentPostprocessing = 0;
		};
		B06FF6441D20A6300056D3D3 /* Sources */ = {
			isa = PBXSourcesBuildPhase;
			buildActionMask = 2147483647;
			files = (
				B06FF64D1D20A6300056D3D3 /* test1Tests.swift in Sources */,
			);
			runOnlyForDeploymentPostprocessing = 0;
		};
		B06FF64F1D20A6300056D3D3 /* Sources */ = {
			isa = PBXSourcesBuildPhase;
			buildActionMask = 2147483647;
			files = (
				B06FF6581D20A6300056D3D3 /* test1UITests.swift in Sources */,
			);
			runOnlyForDeploymentPostprocessing = 0;
		};
/* End PBXSourcesBuildPhase section */

/* Begin PBXTargetDependency section */
		B06FF64A1D20A6300056D3D3 /* PBXTargetDependency */ = {
			isa = PBXTargetDependency;
			target = B06FF6331D20A6300056D3D3 /* test1 */;
			targetProxy = B06FF6491D20A6300056D3D3 /* PBXContainerItemProxy */;
		};
		B06FF6551D20A6300056D3D3 /* PBXTargetDependency */ = {
			isa = PBXTargetDependency;
			target = B06FF6331D20A6300056D3D3 /* test1 */;
			targetProxy = B06FF6541D20A6300056D3D3 /* PBXContainerItemProxy */;
		};
/* End PBXTargetDependency section */

/* Begin PBXVariantGroup section */
		B06FF63B1D20A6300056D3D3 /* Main.storyboard */ = {
			isa = PBXVariantGroup;
			children = (
				B06FF63C1D20A6300056D3D3 /* Base */,
			);
			name = Main.storyboard;
			sourceTree = "<group>";
		};
		B06FF6401D20A6300056D3D3 /* LaunchScreen.storyboard */ = {
			isa = PBXVariantGroup;
			children = (
				B06FF6411D20A6300056D3D3 /* Base */,
			);
			name = LaunchScreen.storyboard;
			sourceTree = "<group>";
		};
/* End PBXVariantGroup section */

/* Begin XCBuildConfiguration section */
		B06FF65A1D20A6300056D3D3 /* Debug */ = {
			isa = XCBuildConfiguration;
			buildSettings = {
				ALWAYS_SEARCH_USER_PATHS = NO;
				CLANG_ANALYZER_NONNULL = YES;
				CLANG_CXX_LANGUAGE_STANDARD = "gnu++0x";
				CLANG_CXX_LIBRARY = "libc++";
				CLANG_ENABLE_MODULES = YES;
				CLANG_ENABLE_OBJC_ARC = YES;
				CLANG_WARN_BOOL_CONVERSION = YES;
				CLANG_WARN_CONSTANT_CONVERSION = YES;
				CLANG_WARN_DIRECT_OBJC_ISA_USAGE = YES_ERROR;
				CLANG_WARN_EMPTY_BODY = YES;
				CLANG_WARN_ENUM_CONVERSION = YES;
				CLANG_WARN_INT_CONVERSION = YES;
				CLANG_WARN_OBJC_ROOT_CLASS = YES_ERROR;
				CLANG_WARN_UNREACHABLE_CODE = YES;
				CLANG_WARN__DUPLICATE_METHOD_MATCH = YES;
				"CODE_SIGN_IDENTITY[sdk=iphoneos*]" = "iPhone Developer";
				COPY_PHASE_STRIP = NO;
				DEBUG_INFORMATION_FORMAT = dwarf;
				ENABLE_STRICT_OBJC_MSGSEND = YES;
				ENABLE_TESTABILITY = YES;
				GCC_C_LANGUAGE_STANDARD = gnu99;
				GCC_DYNAMIC_NO_PIC = NO;
				GCC_NO_COMMON_BLOCKS = YES;
				GCC_OPTIMIZATION_LEVEL = 0;
				GCC_PREPROCESSOR_DEFINITIONS = (
					"DEBUG=1",
					"$(inherited)",
				);
				GCC_WARN_64_TO_32_BIT_CONVERSION = YES;
				GCC_WARN_ABOUT_RETURN_TYPE = YES_ERROR;
				GCC_WARN_UNDECLARED_SELECTOR = YES;
				GCC_WARN_UNINITIALIZED_AUTOS = YES_AGGRESSIVE;
				GCC_WARN_UNUSED_FUNCTION = YES;
				GCC_WARN_UNUSED_VARIABLE = YES;
				IPHONEOS_DEPLOYMENT_TARGET = 9.3;
				MTL_ENABLE_DEBUG_INFO = YES;
				ONLY_ACTIVE_ARCH = YES;
				SDKROOT = iphoneos;
				SWIFT_OPTIMIZATION_LEVEL = "-Onone";
				TARGETED_DEVICE_FAMILY = "1,2";
			};
			name = Debug;
		};
		B06FF65B1D20A6300056D3D3 /* Release */ = {
			isa = XCBuildConfiguration;
			buildSettings = {
				ALWAYS_SEARCH_USER_PATHS = NO;
				CLANG_ANALYZER_NONNULL = YES;
				CLANG_CXX_LANGUAGE_STANDARD = "gnu++0x";
				CLANG_CXX_LIBRARY = "libc++";
				CLANG_ENABLE_MODULES = YES;
				CLANG_ENABLE_OBJC_ARC = YES;
				CLANG_WARN_BOOL_CONVERSION = YES;
				CLANG_WARN_CONSTANT_CONVERSION = YES;
				CLANG_WARN_DIRECT_OBJC_ISA_USAGE = YES_ERROR;
				CLANG_WARN_EMPTY_BODY = YES;
				CLANG_WARN_ENUM_CONVERSION = YES;
				CLANG_WARN_INT_CONVERSION = YES;
				CLANG_WARN_OBJC_ROOT_CLASS = YES_ERROR;
				CLANG_WARN_UNREACHABLE_CODE = YES;
				CLANG_WARN__DUPLICATE_METHOD_MATCH = YES;
				"CODE_SIGN_IDENTITY[sdk=iphoneos*]" = "iPhone Developer";
				COPY_PHASE_STRIP = NO;
				DEBUG_INFORMATION_FORMAT = "dwarf-with-dsym";
				ENABLE_NS_ASSERTIONS = NO;
				ENABLE_STRICT_OBJC_MSGSEND = YES;
				GCC_C_LANGUAGE_STANDARD = gnu99;
				GCC_NO_COMMON_BLOCKS = YES;
				GCC_WARN_64_TO_32_BIT_CONVERSION = YES;
				GCC_WARN_ABOUT_RETURN_TYPE = YES_ERROR;
				GCC_WARN_UNDECLARED_SELECTOR = YES;
				GCC_WARN_UNINITIALIZED_AUTOS = YES_AGGRESSIVE;
				GCC_WARN_UNUSED_FUNCTION = YES;
				GCC_WARN_UNUSED_VARIABLE = YES;
				IPHONEOS_DEPLOYMENT_TARGET = 9.3;
				MTL_ENABLE_DEBUG_INFO = NO;
				SDKROOT = iphoneos;
				TARGETED_DEVICE_FAMILY = "1,2";
				VALIDATE_PRODUCT = YES;
			};
			name = Release;
		};
		B06FF65D1D20A6300056D3D3 /* Debug */ = {
			isa = XCBuildConfiguration;
			buildSettings = {
				ASSETCATALOG_COMPILER_APPICON_NAME = AppIcon;
				INFOPLIST_FILE = test1/Info.plist;
				LD_RUNPATH_SEARCH_PATHS = "$(inherited) @executable_path/Frameworks";
				PRODUCT_BUNDLE_IDENTIFIER = "-0141105071.test1";
				PRODUCT_NAME = "$(TARGET_NAME)";
			};
			name = Debug;
		};
		B06FF65E1D20A6300056D3D3 /* Release */ = {
			isa = XCBuildConfiguration;
			buildSettings = {
				ASSETCATALOG_COMPILER_APPICON_NAME = AppIcon;
				INFOPLIST_FILE = test1/Info.plist;
				LD_RUNPATH_SEARCH_PATHS = "$(inherited) @executable_path/Frameworks";
				PRODUCT_BUNDLE_IDENTIFIER = "-0141105071.test1";
				PRODUCT_NAME = "$(TARGET_NAME)";
			};
			name = Release;
		};
		B06FF6601D20A6300056D3D3 /* Debug */ = {
			isa = XCBuildConfiguration;
			buildSettings = {
				BUNDLE_LOADER = "$(TEST_HOST)";
				INFOPLIST_FILE = test1Tests/Info.plist;
				LD_RUNPATH_SEARCH_PATHS = "$(inherited) @executable_path/Frameworks @loader_path/Frameworks";
				PRODUCT_BUNDLE_IDENTIFIER = "-0141105071.test1Tests";
				PRODUCT_NAME = "$(TARGET_NAME)";
				TEST_HOST = "$(BUILT_PRODUCTS_DIR)/test1.app/test1";
			};
			name = Debug;
		};
		B06FF6611D20A6300056D3D3 /* Release */ = {
			isa = XCBuildConfiguration;
			buildSettings = {
				BUNDLE_LOADER = "$(TEST_HOST)";
				INFOPLIST_FILE = test1Tests/Info.plist;
				LD_RUNPATH_SEARCH_PATHS = "$(inherited) @executable_path/Frameworks @loader_path/Frameworks";
				PRODUCT_BUNDLE_IDENTIFIER = "-0141105071.test1Tests";
				PRODUCT_NAME = "$(TARGET_NAME)";
				TEST_HOST = "$(BUILT_PRODUCTS_DIR)/test1.app/test1";
			};
			name = Release;
		};
		B06FF6631D20A6300056D3D3 /* Debug */ = {
			isa = XCBuildConfiguration;
			buildSettings = {
				INFOPLIST_FILE = test1UITests/Info.plist;
				LD_RUNPATH_SEARCH_PATHS = "$(inherited) @executable_path/Frameworks @loader_path/Frameworks";
				PRODUCT_BUNDLE_IDENTIFIER = "-0141105071.test1UITests";
				PRODUCT_NAME = "$(TARGET_NAME)";
				TEST_TARGET_NAME = test1;
			};
			name = Debug;
		};
		B06FF6641D20A6300056D3D3 /* Release */ = {
			isa = XCBuildConfiguration;
			buildSettings = {
				INFOPLIST_FILE = test1UITests/Info.plist;
				LD_RUNPATH_SEARCH_PATHS = "$(inherited) @executable_path/Frameworks @loader_path/Frameworks";
				PRODUCT_BUNDLE_IDENTIFIER = "-0141105071.test1UITests";
				PRODUCT_NAME = "$(TARGET_NAME)";
				TEST_TARGET_NAME = test1;
			};
			name = Release;
		};
/* End XCBuildConfiguration section */

/* Begin XCConfigurationList section */
		B06FF62F1D20A6300056D3D3 /* Build configuration list for PBXProject "test1" */ = {
			isa = XCConfigurationList;
			buildConfigurations = (
				B06FF65A1D20A6300056D3D3 /* Debug */,
				B06FF65B1D20A6300056D3D3 /* Release */,
			);
			defaultConfigurationIsVisible = 0;
			defaultConfigurationName = Release;
		};
		B06FF65C1D20A6300056D3D3 /* Build configuration list for PBXNativeTarget "test1" */ = {
			isa = XCConfigurationList;
			buildConfigurations = (
				B06FF65D1D20A6300056D3D3 /* Debug */,
				B06FF65E1D20A6300056D3D3 /* Release */,
			);
			defaultConfigurationIsVisible = 0;
		};
		B06FF65F1D20A6300056D3D3 /* Build configuration list for PBXNativeTarget "test1Tests" */ = {
			isa = XCConfigurationList;
			buildConfigurations = (
				B06FF6601D20A6300056D3D3 /* Debug */,
				B06FF6611D20A6300056D3D3 /* Release */,
			);
			defaultConfigurationIsVisible = 0;
		};
		B06FF6621D20A6300056D3D3 /* Build configuration list for PBXNativeTarget "test1UITests" */ = {
			isa = XCConfigurationList;
			buildConfigurations = (
				B06FF6631D20A6300056D3D3 /* Debug */,
				B06FF6641D20A6300056D3D3 /* Release */,
			);
			defaultConfigurationIsVisible = 0;
		};
/* End XCConfigurationList section */
	};
	rootObject = B06FF62C1D20A6300056D3D3 /* Project object */;
}
